
Microsoft Visual Studio Solution File, Format Version 12.00
# Visual Studio Version 17
VisualStudioVersion = 17.1.32328.378
MinimumVisualStudioVersion = 10.0.40219.1
Project("{FAE04EC0-301F-11D3-BF4B-00C04F79EFBC}") = "MusicWebApp", "MusicWebApp.csproj", "{179A4D61-102B-4729-BD15-6C65ECE290F8}"
EndProject
Global
	GlobalSection(SolutionConfigurationPlatforms) = preSolution
		Debug|Any CPU = Debug|Any CPU
		Release|Any CPU = Release|Any CPU
	EndGlobalSection
	GlobalSection(ProjectConfigurationPlatforms) = postSolution
		{179A4D61-102B-4729-BD15-6C65ECE290F8}.Debug|Any CPU.ActiveCfg = Debug|Any CPU
		{179A4D61-102B-4729-BD15-6C65ECE290F8}.Debug|Any CPU.Build.0 = Debug|Any CPU
		{179A4D61-102B-4729-BD15-6C65ECE290F8}.Release|Any CPU.ActiveCfg = Release|Any CPU
		{179A4D61-102B-4729-BD15-6C65ECE290F8}.Release|Any CPU.Build.0 = Release|Any CPU
	EndGlobalSection
	GlobalSection(SolutionProperties) = preSolution
		HideSolutionNode = FALSE
	EndGlobalSection
	GlobalSection(ExtensibilityGlobals) = postSolution
		SolutionGuid = {523880DD-1175-489C-8415-56594DC5B7D4}
	EndGlobalSection
EndGlobal
